
Microsoft Visual Studio Solution File, Format Version 12.00
# Visual Studio 15
VisualStudioVersion = 15.0.28307.271
MinimumVisualStudioVersion = 10.0.40219.1
Project("{FAE04EC0-301F-11D3-BF4B-00C04F79EFBC}") = "KR_1", "KR_1\KR_1.csproj", "{50F1CAE5-629C-4C8D-BC9A-46CD7997830A}"
EndProject
Global
	GlobalSection(SolutionConfigurationPlatforms) = preSolution
		Debug|Any CPU = Debug|Any CPU
		Release|Any CPU = Release|Any CPU
	EndGlobalSection
	GlobalSection(ProjectConfigurationPlatforms) = postSolution
		{50F1CAE5-629C-4C8D-BC9A-46CD7997830A}.Debug|Any CPU.ActiveCfg = Debug|Any CPU
		{50F1CAE5-629C-4C8D-BC9A-46CD7997830A}.Debug|Any CPU.Build.0 = Debug|Any CPU
		{50F1CAE5-629C-4C8D-BC9A-46CD7997830A}.Release|Any CPU.ActiveCfg = Release|Any CPU
		{50F1CAE5-629C-4C8D-BC9A-46CD7997830A}.Release|Any CPU.Build.0 = Release|Any CPU
	EndGlobalSection
	GlobalSection(SolutionProperties) = preSolution
		HideSolutionNode = FALSE
	EndGlobalSection
	GlobalSection(ExtensibilityGlobals) = postSolution
		SolutionGuid = {5FF15730-5912-45D9-A449-403065D8262B}
	EndGlobalSection
EndGlobal
